
Microsoft Visual Studio Solution File, Format Version 12.00
# Visual Studio Version 16
VisualStudioVersion = 16.0.31515.178
MinimumVisualStudioVersion = 10.0.40219.1
Project("{9A19103F-16F7-4668-BE54-9A1E7A4F7556}") = "DAL", "DAL\DAL.csproj", "{C23F619E-ECB7-4FBE-80E1-BA81AB8AC755}"
EndProject
Project("{9A19103F-16F7-4668-BE54-9A1E7A4F7556}") = "BLL", "BLL\BLL.csproj", "{2A5135F8-210B-4DEA-984C-B6D001A7DE17}"
EndProject
Project("{9A19103F-16F7-4668-BE54-9A1E7A4F7556}") = "API", "API\API.csproj", "{5C0055AA-D8DC-469D-927C-921977B04075}"
EndProject
Global
	GlobalSection(SolutionConfigurationPlatforms) = preSolution
		Debug|Any CPU = Debug|Any CPU
		Release|Any CPU = Release|Any CPU
	EndGlobalSection
	GlobalSection(ProjectConfigurationPlatforms) = postSolution
		{C23F619E-ECB7-4FBE-80E1-BA81AB8AC755}.Debug|Any CPU.ActiveCfg = Debug|Any CPU
		{C23F619E-ECB7-4FBE-80E1-BA81AB8AC755}.Debug|Any CPU.Build.0 = Debug|Any CPU
		{C23F619E-ECB7-4FBE-80E1-BA81AB8AC755}.Release|Any CPU.ActiveCfg = Release|Any CPU
		{C23F619E-ECB7-4FBE-80E1-BA81AB8AC755}.Release|Any CPU.Build.0 = Release|Any CPU
		{2A5135F8-210B-4DEA-984C-B6D001A7DE17}.Debug|Any CPU.ActiveCfg = Debug|Any CPU
		{2A5135F8-210B-4DEA-984C-B6D001A7DE17}.Debug|Any CPU.Build.0 = Debug|Any CPU
		{2A5135F8-210B-4DEA-984C-B6D001A7DE17}.Release|Any CPU.ActiveCfg = Release|Any CPU
		{2A5135F8-210B-4DEA-984C-B6D001A7DE17}.Release|Any CPU.Build.0 = Release|Any CPU
		{5C0055AA-D8DC-469D-927C-921977B04075}.Debug|Any CPU.ActiveCfg = Debug|Any CPU
		{5C0055AA-D8DC-469D-927C-921977B04075}.Debug|Any CPU.Build.0 = Debug|Any CPU
		{5C0055AA-D8DC-469D-927C-921977B04075}.Release|Any CPU.ActiveCfg = Release|Any CPU
		{5C0055AA-D8DC-469D-927C-921977B04075}.Release|Any CPU.Build.0 = Release|Any CPU
	EndGlobalSection
	GlobalSection(SolutionProperties) = preSolution
		HideSolutionNode = FALSE
	EndGlobalSection
	GlobalSection(ExtensibilityGlobals) = postSolution
		SolutionGuid = {10FC6D89-6B33-4A83-923B-1C4110A427B4}
	EndGlobalSection
EndGlobal
